
Microsoft Visual Studio Solution File, Format Version 12.00
# Visual Studio 15
VisualStudioVersion = 15.0.27004.2006
MinimumVisualStudioVersion = 10.0.40219.1
Project("{FAE04EC0-301F-11D3-BF4B-00C04F79EFBC}") = "Graphs", "Graphs\Graphs.csproj", "{7085B426-F876-41A3-86AF-C6ECF19D965B}"
EndProject
Global
	GlobalSection(SolutionConfigurationPlatforms) = preSolution
		Debug|Any CPU = Debug|Any CPU
		DebugWithoutPlugins|Any CPU = DebugWithoutPlugins|Any CPU
		Release|Any CPU = Release|Any CPU
	EndGlobalSection
	GlobalSection(ProjectConfigurationPlatforms) = postSolution
		{7085B426-F876-41A3-86AF-C6ECF19D965B}.Debug|Any CPU.ActiveCfg = Debug|Any CPU
		{7085B426-F876-41A3-86AF-C6ECF19D965B}.Debug|Any CPU.Build.0 = Debug|Any CPU
		{7085B426-F876-41A3-86AF-C6ECF19D965B}.DebugWithoutPlugins|Any CPU.ActiveCfg = Debug|Any CPU
		{7085B426-F876-41A3-86AF-C6ECF19D965B}.DebugWithoutPlugins|Any CPU.Build.0 = Debug|Any CPU
		{7085B426-F876-41A3-86AF-C6ECF19D965B}.Release|Any CPU.ActiveCfg = Release|Any CPU
		{7085B426-F876-41A3-86AF-C6ECF19D965B}.Release|Any CPU.Build.0 = Release|Any CPU
	EndGlobalSection
	GlobalSection(SolutionProperties) = preSolution
		HideSolutionNode = FALSE
	EndGlobalSection
	GlobalSection(ExtensibilityGlobals) = postSolution
		SolutionGuid = {AA239901-4A35-418B-94A3-A37AED94F3EF}
	EndGlobalSection
EndGlobal
